
Microsoft Visual Studio Solution File, Format Version 12.00
# Visual Studio Version 16
VisualStudioVersion = 16.0.30413.136
MinimumVisualStudioVersion = 10.0.40219.1
Project("{8BC9CEB8-8B4A-11D0-8D11-00A0C91BC942}") = "conditional_wdk_driver_compile", "conditional_wdk_driver_compile.vcxproj", "{C8B640FB-8F0E-43E4-93DF-F4BEA761895C}"
EndProject
Global
	GlobalSection(SolutionConfigurationPlatforms) = preSolution
		Debug|x64 = Debug|x64
		Release|x64 = Release|x64
	EndGlobalSection
	GlobalSection(ProjectConfigurationPlatforms) = postSolution
		{C8B640FB-8F0E-43E4-93DF-F4BEA761895C}.Debug|x64.ActiveCfg = Debug|x64
		{C8B640FB-8F0E-43E4-93DF-F4BEA761895C}.Debug|x64.Build.0 = Debug|x64
		{C8B640FB-8F0E-43E4-93DF-F4BEA761895C}.Debug|x64.Deploy.0 = Debug|x64
		{C8B640FB-8F0E-43E4-93DF-F4BEA761895C}.Release|x64.ActiveCfg = Release|x64
		{C8B640FB-8F0E-43E4-93DF-F4BEA761895C}.Release|x64.Build.0 = Release|x64
		{C8B640FB-8F0E-43E4-93DF-F4BEA761895C}.Release|x64.Deploy.0 = Release|x64
	EndGlobalSection
	GlobalSection(SolutionProperties) = preSolution
		HideSolutionNode = FALSE
	EndGlobalSection
	GlobalSection(ExtensibilityGlobals) = postSolution
		SolutionGuid = {8CADBBFF-A119-49F7-8137-38D855280135}
	EndGlobalSection
EndGlobal
